
Microsoft Visual Studio Solution File, Format Version 12.00
# Visual Studio Version 17
VisualStudioVersion = 17.6.33829.357
MinimumVisualStudioVersion = 10.0.40219.1
Project("{FAE04EC0-301F-11D3-BF4B-00C04F79EFBC}") = "customer-manager-api", "customer-manager-api\customer-manager-api.csproj", "{23D187D8-2482-438B-896D-AF8F1F60F12E}"
EndProject
Project("{FAE04EC0-301F-11D3-BF4B-00C04F79EFBC}") = "customer-manager-api.domain", "customer-manager-api.domain\customer-manager-api.domain.csproj", "{F320E344-92F2-4E05-AADC-A7A634853D34}"
EndProject
Project("{FAE04EC0-301F-11D3-BF4B-00C04F79EFBC}") = "customer-manager-api.infrastructure", "customer-manager-api.infrastructure\customer-manager-api.infrastructure.csproj", "{9EF0E676-47E6-4CD1-95A4-CCF1EE50C209}"
EndProject
Project("{FAE04EC0-301F-11D3-BF4B-00C04F79EFBC}") = "customer-manager-api.application", "customer-manager-api.application\customer-manager-api.application.csproj", "{D7B71A3F-A6DE-4910-9166-D46496DE38DB}"
EndProject
Global
	GlobalSection(SolutionConfigurationPlatforms) = preSolution
		Debug|Any CPU = Debug|Any CPU
		Release|Any CPU = Release|Any CPU
	EndGlobalSection
	GlobalSection(ProjectConfigurationPlatforms) = postSolution
		{23D187D8-2482-438B-896D-AF8F1F60F12E}.Debug|Any CPU.ActiveCfg = Debug|Any CPU
		{23D187D8-2482-438B-896D-AF8F1F60F12E}.Debug|Any CPU.Build.0 = Debug|Any CPU
		{23D187D8-2482-438B-896D-AF8F1F60F12E}.Release|Any CPU.ActiveCfg = Release|Any CPU
		{23D187D8-2482-438B-896D-AF8F1F60F12E}.Release|Any CPU.Build.0 = Release|Any CPU
		{F320E344-92F2-4E05-AADC-A7A634853D34}.Debug|Any CPU.ActiveCfg = Debug|Any CPU
		{F320E344-92F2-4E05-AADC-A7A634853D34}.Debug|Any CPU.Build.0 = Debug|Any CPU
		{F320E344-92F2-4E05-AADC-A7A634853D34}.Release|Any CPU.ActiveCfg = Release|Any CPU
		{F320E344-92F2-4E05-AADC-A7A634853D34}.Release|Any CPU.Build.0 = Release|Any CPU
		{9EF0E676-47E6-4CD1-95A4-CCF1EE50C209}.Debug|Any CPU.ActiveCfg = Debug|Any CPU
		{9EF0E676-47E6-4CD1-95A4-CCF1EE50C209}.Debug|Any CPU.Build.0 = Debug|Any CPU
		{9EF0E676-47E6-4CD1-95A4-CCF1EE50C209}.Release|Any CPU.ActiveCfg = Release|Any CPU
		{9EF0E676-47E6-4CD1-95A4-CCF1EE50C209}.Release|Any CPU.Build.0 = Release|Any CPU
		{D7B71A3F-A6DE-4910-9166-D46496DE38DB}.Debug|Any CPU.ActiveCfg = Debug|Any CPU
		{D7B71A3F-A6DE-4910-9166-D46496DE38DB}.Debug|Any CPU.Build.0 = Debug|Any CPU
		{D7B71A3F-A6DE-4910-9166-D46496DE38DB}.Release|Any CPU.ActiveCfg = Release|Any CPU
		{D7B71A3F-A6DE-4910-9166-D46496DE38DB}.Release|Any CPU.Build.0 = Release|Any CPU
	EndGlobalSection
	GlobalSection(SolutionProperties) = preSolution
		HideSolutionNode = FALSE
	EndGlobalSection
	GlobalSection(ExtensibilityGlobals) = postSolution
		SolutionGuid = {959D44F3-3A86-40A8-8824-E0D11291824F}
	EndGlobalSection
EndGlobal
